// !$*UTF8*$!
{
	archiveVersion = 1;
	classes = {
	};
	objectVersion = 56;
	objects = {

/* Begin PBXBuildFile section */
		0819BD1829DB251800BB8987 /* AppDelegate.swift in Sources */ = {isa = PBXBuildFile; fileRef = 0819BD1729DB251800BB8987 /* AppDelegate.swift */; };
		0819BD1A29DB251800BB8987 /* SceneDelegate.swift in Sources */ = {isa = PBXBuildFile; fileRef = 0819BD1929DB251800BB8987 /* SceneDelegate.swift */; };
		0819BD1C29DB251800BB8987 /* ConversationsVC.swift in Sources */ = {isa = PBXBuildFile; fileRef = 0819BD1B29DB251800BB8987 /* ConversationsVC.swift */; };
		0819BD1F29DB251800BB8987 /* Main.storyboard in Resources */ = {isa = PBXBuildFile; fileRef = 0819BD1D29DB251800BB8987 /* Main.storyboard */; };
		0819BD2129DB251900BB8987 /* Assets.xcassets in Resources */ = {isa = PBXBuildFile; fileRef = 0819BD2029DB251900BB8987 /* Assets.xcassets */; };
		0819BD2429DB251900BB8987 /* LaunchScreen.storyboard in Resources */ = {isa = PBXBuildFile; fileRef = 0819BD2229DB251900BB8987 /* LaunchScreen.storyboard */; };
		0819BD3229DB28DC00BB8987 /* LoginVC.swift in Sources */ = {isa = PBXBuildFile; fileRef = 0819BD3129DB28DC00BB8987 /* LoginVC.swift */; };
		0819BD3429DB291700BB8987 /* RegisterVC.swift in Sources */ = {isa = PBXBuildFile; fileRef = 0819BD3329DB291700BB8987 /* RegisterVC.swift */; };
		0819BD3629DB295200BB8987 /* PhotoViewerVC.swift in Sources */ = {isa = PBXBuildFile; fileRef = 0819BD3529DB295200BB8987 /* PhotoViewerVC.swift */; };
		0819BD3829DB297600BB8987 /* VideoPlayerVC.swift in Sources */ = {isa = PBXBuildFile; fileRef = 0819BD3729DB297600BB8987 /* VideoPlayerVC.swift */; };
		0819BD3A29DB298C00BB8987 /* NewConversationVC.swift in Sources */ = {isa = PBXBuildFile; fileRef = 0819BD3929DB298C00BB8987 /* NewConversationVC.swift */; };
		0819BD3C29DB29AE00BB8987 /* ProfileVC.swift in Sources */ = {isa = PBXBuildFile; fileRef = 0819BD3B29DB29AE00BB8987 /* ProfileVC.swift */; };
		0819BD3F29DB33C900BB8987 /* Extensions.swift in Sources */ = {isa = PBXBuildFile; fileRef = 0819BD3E29DB33C900BB8987 /* Extensions.swift */; };
		08F987E829DC1FA3007B3BFE /* GoogleService-Info.plist in Resources */ = {isa = PBXBuildFile; fileRef = 08F987E729DC1FA3007B3BFE /* GoogleService-Info.plist */; };
		08F987EA29DC336A007B3BFE /* DatabaseManager.swift in Sources */ = {isa = PBXBuildFile; fileRef = 08F987E929DC336A007B3BFE /* DatabaseManager.swift */; };
		DF0CDDB05171F4C9EF71227E /* Pods_Messenger.framework in Frameworks */ = {isa = PBXBuildFile; fileRef = 0215692D27B6649424B6C44E /* Pods_Messenger.framework */; };
/* End PBXBuildFile section */

/* Begin PBXFileReference section */
		0215692D27B6649424B6C44E /* Pods_Messenger.framework */ = {isa = PBXFileReference; explicitFileType = wrapper.framework; includeInIndex = 0; path = Pods_Messenger.framework; sourceTree = BUILT_PRODUCTS_DIR; };
		0819BD1429DB251800BB8987 /* Messenger.app */ = {isa = PBXFileReference; explicitFileType = wrapper.application; includeInIndex = 0; path = Messenger.app; sourceTree = BUILT_PRODUCTS_DIR; };
		0819BD1729DB251800BB8987 /* AppDelegate.swift */ = {isa = PBXFileReference; lastKnownFileType = sourcecode.swift; path = AppDelegate.swift; sourceTree = "<group>"; };
		0819BD1929DB251800BB8987 /* SceneDelegate.swift */ = {isa = PBXFileReference; lastKnownFileType = sourcecode.swift; path = SceneDelegate.swift; sourceTree = "<group>"; };
		0819BD1B29DB251800BB8987 /* ConversationsVC.swift */ = {isa = PBXFileReference; lastKnownFileType = sourcecode.swift; path = ConversationsVC.swift; sourceTree = "<group>"; };
		0819BD1E29DB251800BB8987 /* Base */ = {isa = PBXFileReference; lastKnownFileType = file.storyboard; name = Base; path = Base.lproj/Main.storyboard; sourceTree = "<group>"; };
		0819BD2029DB251900BB8987 /* Assets.xcassets */ = {isa = PBXFileReference; lastKnownFileType = folder.assetcatalog; path = Assets.xcassets; sourceTree = "<group>"; };
		0819BD2329DB251900BB8987 /* Base */ = {isa = PBXFileReference; lastKnownFileType = file.storyboard; name = Base; path = Base.lproj/LaunchScreen.storyboard; sourceTree = "<group>"; };
		0819BD2529DB251900BB8987 /* Info.plist */ = {isa = PBXFileReference; lastKnownFileType = text.plist.xml; path = Info.plist; sourceTree = "<group>"; };
		0819BD3129DB28DC00BB8987 /* LoginVC.swift */ = {isa = PBXFileReference; lastKnownFileType = sourcecode.swift; path = LoginVC.swift; sourceTree = "<group>"; };
		0819BD3329DB291700BB8987 /* RegisterVC.swift */ = {isa = PBXFileReference; lastKnownFileType = sourcecode.swift; path = RegisterVC.swift; sourceTree = "<group>"; };
		0819BD3529DB295200BB8987 /* PhotoViewerVC.swift */ = {isa = PBXFileReference; lastKnownFileType = sourcecode.swift; path = PhotoViewerVC.swift; sourceTree = "<group>"; };
		0819BD3729DB297600BB8987 /* VideoPlayerVC.swift */ = {isa = PBXFileReference; lastKnownFileType = sourcecode.swift; path = VideoPlayerVC.swift; sourceTree = "<group>"; };
		0819BD3929DB298C00BB8987 /* NewConversationVC.swift */ = {isa = PBXFileReference; lastKnownFileType = sourcecode.swift; path = NewConversationVC.swift; sourceTree = "<group>"; };
		0819BD3B29DB29AE00BB8987 /* ProfileVC.swift */ = {isa = PBXFileReference; lastKnownFileType = sourcecode.swift; path = ProfileVC.swift; sourceTree = "<group>"; };
		0819BD3E29DB33C900BB8987 /* Extensions.swift */ = {isa = PBXFileReference; lastKnownFileType = sourcecode.swift; path = Extensions.swift; sourceTree = "<group>"; };
		08F987E729DC1FA3007B3BFE /* GoogleService-Info.plist */ = {isa = PBXFileReference; fileEncoding = 4; lastKnownFileType = text.plist.xml; name = "GoogleService-Info.plist"; path = "../../../Downloads/GoogleService-Info.plist"; sourceTree = "<group>"; };
		08F987E929DC336A007B3BFE /* DatabaseManager.swift */ = {isa = PBXFileReference; lastKnownFileType = sourcecode.swift; path = DatabaseManager.swift; sourceTree = "<group>"; };
		194B2E698ACAD87E1D28281D /* Pods-Messenger.debug.xcconfig */ = {isa = PBXFileReference; includeInIndex = 1; lastKnownFileType = text.xcconfig; name = "Pods-Messenger.debug.xcconfig"; path = "Target Support Files/Pods-Messenger/Pods-Messenger.debug.xcconfig"; sourceTree = "<group>"; };
		73C53E48A73E7CA0D3CF2831 /* Pods-Messenger.release.xcconfig */ = {isa = PBXFileReference; includeInIndex = 1; lastKnownFileType = text.xcconfig; name = "Pods-Messenger.release.xcconfig"; path = "Target Support Files/Pods-Messenger/Pods-Messenger.release.xcconfig"; sourceTree = "<group>"; };
/* End PBXFileReference section */

/* Begin PBXFrameworksBuildPhase section */
		0819BD1129DB251800BB8987 /* Frameworks */ = {
			isa = PBXFrameworksBuildPhase;
			buildActionMask = 2147483647;
			files = (
				DF0CDDB05171F4C9EF71227E /* Pods_Messenger.framework in Frameworks */,
			);
			runOnlyForDeploymentPostprocessing = 0;
		};
/* End PBXFrameworksBuildPhase section */

/* Begin PBXGroup section */
		0819BD0B29DB251800BB8987 = {
			isa = PBXGroup;
			children = (
				0819BD1629DB251800BB8987 /* Messenger */,
				0819BD1529DB251800BB8987 /* Products */,
				38E5CEA7168C419E594C481D /* Pods */,
				8D3044788E6C4C42C5BE65B9 /* Frameworks */,
			);
			sourceTree = "<group>";
		};
		0819BD1529DB251800BB8987 /* Products */ = {
			isa = PBXGroup;
			children = (
				0819BD1429DB251800BB8987 /* Messenger.app */,
			);
			name = Products;
			sourceTree = "<group>";
		};
		0819BD1629DB251800BB8987 /* Messenger */ = {
			isa = PBXGroup;
			children = (
				08F987E729DC1FA3007B3BFE /* GoogleService-Info.plist */,
				0819BD2C29DB26DB00BB8987 /* Resources */,
				0819BD2D29DB26EC00BB8987 /* ViewModels */,
				0819BD2F29DB270C00BB8987 /* Models */,
				0819BD2B29DB26A700BB8987 /* Views */,
				0819BD2E29DB26FE00BB8987 /* Controllers */,
				0819BD2529DB251900BB8987 /* Info.plist */,
			);
			path = Messenger;
			sourceTree = "<group>";
		};
		0819BD2B29DB26A700BB8987 /* Views */ = {
			isa = PBXGroup;
			children = (
				0819BD3029DB277400BB8987 /* Storyboards */,
				0819BD2029DB251900BB8987 /* Assets.xcassets */,
			);
			path = Views;
			sourceTree = "<group>";
		};
		0819BD2C29DB26DB00BB8987 /* Resources */ = {
			isa = PBXGroup;
			children = (
				0819BD1729DB251800BB8987 /* AppDelegate.swift */,
				0819BD1929DB251800BB8987 /* SceneDelegate.swift */,
				0819BD3E29DB33C900BB8987 /* Extensions.swift */,
				08F987E929DC336A007B3BFE /* DatabaseManager.swift */,
			);
			path = Resources;
			sourceTree = "<group>";
		};
		0819BD2D29DB26EC00BB8987 /* ViewModels */ = {
			isa = PBXGroup;
			children = (
			);
			path = ViewModels;
			sourceTree = "<group>";
		};
		0819BD2E29DB26FE00BB8987 /* Controllers */ = {
			isa = PBXGroup;
			children = (
				0819BD3D29DB2D2900BB8987 /* Login */,
				0819BD1B29DB251800BB8987 /* ConversationsVC.swift */,
				0819BD3529DB295200BB8987 /* PhotoViewerVC.swift */,
				0819BD3729DB297600BB8987 /* VideoPlayerVC.swift */,
				0819BD3929DB298C00BB8987 /* NewConversationVC.swift */,
				0819BD3B29DB29AE00BB8987 /* ProfileVC.swift */,
			);
			path = Controllers;
			sourceTree = "<group>";
		};
		0819BD2F29DB270C00BB8987 /* Models */ = {
			isa = PBXGroup;
			children = (
			);
			path = Models;
			sourceTree = "<group>";
		};
		0819BD3029DB277400BB8987 /* Storyboards */ = {
			isa = PBXGroup;
			children = (
				0819BD1D29DB251800BB8987 /* Main.storyboard */,
				0819BD2229DB251900BB8987 /* LaunchScreen.storyboard */,
			);
			path = Storyboards;
			sourceTree = "<group>";
		};
		0819BD3D29DB2D2900BB8987 /* Login */ = {
			isa = PBXGroup;
			children = (
				0819BD3129DB28DC00BB8987 /* LoginVC.swift */,
				0819BD3329DB291700BB8987 /* RegisterVC.swift */,
			);
			path = Login;
			sourceTree = "<group>";
		};
		38E5CEA7168C419E594C481D /* Pods */ = {
			isa = PBXGroup;
			children = (
				194B2E698ACAD87E1D28281D /* Pods-Messenger.debug.xcconfig */,
				73C53E48A73E7CA0D3CF2831 /* Pods-Messenger.release.xcconfig */,
			);
			path = Pods;
			sourceTree = "<group>";
		};
		8D3044788E6C4C42C5BE65B9 /* Frameworks */ = {
			isa = PBXGroup;
			children = (
				0215692D27B6649424B6C44E /* Pods_Messenger.framework */,
			);
			name = Frameworks;
			sourceTree = "<group>";
		};
/* End PBXGroup section */

/* Begin PBXNativeTarget section */
		0819BD1329DB251800BB8987 /* Messenger */ = {
			isa = PBXNativeTarget;
			buildConfigurationList = 0819BD2829DB251900BB8987 /* Build configuration list for PBXNativeTarget "Messenger" */;
			buildPhases = (
				A74981ECD2CF791D3BA27B93 /* [CP] Check Pods Manifest.lock */,
				0819BD1029DB251800BB8987 /* Sources */,
				0819BD1129DB251800BB8987 /* Frameworks */,
				0819BD1229DB251800BB8987 /* Resources */,
				28AA6D46EBA139DD8DE087C9 /* [CP] Embed Pods Frameworks */,
				842B4DE94B607181CFEBF4E1 /* [CP] Copy Pods Resources */,
			);
			buildRules = (
			);
			dependencies = (
			);
			name = Messenger;
			productName = Messenger;
			productReference = 0819BD1429DB251800BB8987 /* Messenger.app */;
			productType = "com.apple.product-type.application";
		};
/* End PBXNativeTarget section */

/* Begin PBXProject section */
		0819BD0C29DB251800BB8987 /* Project object */ = {
			isa = PBXProject;
			attributes = {
				BuildIndependentTargetsInParallel = 1;
				LastSwiftUpdateCheck = 1420;
				LastUpgradeCheck = 1420;
				TargetAttributes = {
					0819BD1329DB251800BB8987 = {
						CreatedOnToolsVersion = 14.2;
					};
				};
			};
			buildConfigurationList = 0819BD0F29DB251800BB8987 /* Build configuration list for PBXProject "Messenger" */;
			compatibilityVersion = "Xcode 14.0";
			developmentRegion = en;
			hasScannedForEncodings = 0;
			knownRegions = (
				en,
				Base,
			);
			mainGroup = 0819BD0B29DB251800BB8987;
			productRefGroup = 0819BD1529DB251800BB8987 /* Products */;
			projectDirPath = "";
			projectRoot = "";
			targets = (
				0819BD1329DB251800BB8987 /* Messenger */,
			);
		};
/* End PBXProject section */

/* Begin PBXResourcesBuildPhase section */
		0819BD1229DB251800BB8987 /* Resources */ = {
			isa = PBXResourcesBuildPhase;
			buildActionMask = 2147483647;
			files = (
				0819BD2429DB251900BB8987 /* LaunchScreen.storyboard in Resources */,
				08F987E829DC1FA3007B3BFE /* GoogleService-Info.plist in Resources */,
				0819BD2129DB251900BB8987 /* Assets.xcassets in Resources */,
				0819BD1F29DB251800BB8987 /* Main.storyboard in Resources */,
			);
			runOnlyForDeploymentPostprocessing = 0;
		};
/* End PBXResourcesBuildPhase section */

/* Begin PBXShellScriptBuildPhase section */
		28AA6D46EBA139DD8DE087C9 /* [CP] Embed Pods Frameworks */ = {
			isa = PBXShellScriptBuildPhase;
			buildActionMask = 2147483647;
			files = (
			);
			inputFileListPaths = (
				"${PODS_ROOT}/Target Support Files/Pods-Messenger/Pods-Messenger-frameworks-${CONFIGURATION}-input-files.xcfilelist",
			);
			name = "[CP] Embed Pods Frameworks";
			outputFileListPaths = (
				"${PODS_ROOT}/Target Support Files/Pods-Messenger/Pods-Messenger-frameworks-${CONFIGURATION}-output-files.xcfilelist",
			);
			runOnlyForDeploymentPostprocessing = 0;
			shellPath = /bin/sh;
			shellScript = "\"${PODS_ROOT}/Target Support Files/Pods-Messenger/Pods-Messenger-frameworks.sh\"\n";
			showEnvVarsInLog = 0;
		};
		842B4DE94B607181CFEBF4E1 /* [CP] Copy Pods Resources */ = {
			isa = PBXShellScriptBuildPhase;
			buildActionMask = 2147483647;
			files = (
			);
			inputFileListPaths = (
				"${PODS_ROOT}/Target Support Files/Pods-Messenger/Pods-Messenger-resources-${CONFIGURATION}-input-files.xcfilelist",
			);
			name = "[CP] Copy Pods Resources";
			outputFileListPaths = (
				"${PODS_ROOT}/Target Support Files/Pods-Messenger/Pods-Messenger-resources-${CONFIGURATION}-output-files.xcfilelist",
			);
			runOnlyForDeploymentPostprocessing = 0;
			shellPath = /bin/sh;
			shellScript = "\"${PODS_ROOT}/Target Support Files/Pods-Messenger/Pods-Messenger-resources.sh\"\n";
			showEnvVarsInLog = 0;
		};
		A74981ECD2CF791D3BA27B93 /* [CP] Check Pods Manifest.lock */ = {
			isa = PBXShellScriptBuildPhase;
			buildActionMask = 2147483647;
			files = (
			);
			inputFileListPaths = (
			);
			inputPaths = (
				"${PODS_PODFILE_DIR_PATH}/Podfile.lock",
				"${PODS_ROOT}/Manifest.lock",
			);
			name = "[CP] Check Pods Manifest.lock";
			outputFileListPaths = (
			);
			outputPaths = (
				"$(DERIVED_FILE_DIR)/Pods-Messenger-checkManifestLockResult.txt",
			);
			runOnlyForDeploymentPostprocessing = 0;
			shellPath = /bin/sh;
			shellScript = "diff \"${PODS_PODFILE_DIR_PATH}/Podfile.lock\" \"${PODS_ROOT}/Manifest.lock\" > /dev/null\nif [ $? != 0 ] ; then\n    # print error to STDERR\n    echo \"error: The sandbox is not in sync with the Podfile.lock. Run 'pod install' or update your CocoaPods installation.\" >&2\n    exit 1\nfi\n# This output is used by Xcode 'outputs' to avoid re-running this script phase.\necho \"SUCCESS\" > \"${SCRIPT_OUTPUT_FILE_0}\"\n";
			showEnvVarsInLog = 0;
		};
/* End PBXShellScriptBuildPhase section */

/* Begin PBXSourcesBuildPhase section */
		0819BD1029DB251800BB8987 /* Sources */ = {
			isa = PBXSourcesBuildPhase;
			buildActionMask = 2147483647;
			files = (
				0819BD3A29DB298C00BB8987 /* NewConversationVC.swift in Sources */,
				08F987EA29DC336A007B3BFE /* DatabaseManager.swift in Sources */,
				0819BD3829DB297600BB8987 /* VideoPlayerVC.swift in Sources */,
				0819BD1C29DB251800BB8987 /* ConversationsVC.swift in Sources */,
				0819BD3C29DB29AE00BB8987 /* ProfileVC.swift in Sources */,
				0819BD1829DB251800BB8987 /* AppDelegate.swift in Sources */,
				0819BD3F29DB33C900BB8987 /* Extensions.swift in Sources */,
				0819BD3229DB28DC00BB8987 /* LoginVC.swift in Sources */,
				0819BD3629DB295200BB8987 /* PhotoViewerVC.swift in Sources */,
				0819BD1A29DB251800BB8987 /* SceneDelegate.swift in Sources */,
				0819BD3429DB291700BB8987 /* RegisterVC.swift in Sources */,
			);
			runOnlyForDeploymentPostprocessing = 0;
		};
/* End PBXSourcesBuildPhase section */

/* Begin PBXVariantGroup section */
		0819BD1D29DB251800BB8987 /* Main.storyboard */ = {
			isa = PBXVariantGroup;
			children = (
				0819BD1E29DB251800BB8987 /* Base */,
			);
			name = Main.storyboard;
			sourceTree = "<group>";
		};
		0819BD2229DB251900BB8987 /* LaunchScreen.storyboard */ = {
			isa = PBXVariantGroup;
			children = (
				0819BD2329DB251900BB8987 /* Base */,
			);
			name = LaunchScreen.storyboard;
			sourceTree = "<group>";
		};
/* End PBXVariantGroup section */

/* Begin XCBuildConfiguration section */
		0819BD2629DB251900BB8987 /* Debug */ = {
			isa = XCBuildConfiguration;
			buildSettings = {
				ALWAYS_SEARCH_USER_PATHS = NO;
				CLANG_ANALYZER_NONNULL = YES;
				CLANG_ANALYZER_NUMBER_OBJECT_CONVERSION = YES_AGGRESSIVE;
				CLANG_CXX_LANGUAGE_STANDARD = "gnu++20";
				CLANG_ENABLE_MODULES = YES;
				CLANG_ENABLE_OBJC_ARC = YES;
				CLANG_ENABLE_OBJC_WEAK = YES;
				CLANG_WARN_BLOCK_CAPTURE_AUTORELEASING = YES;
				CLANG_WARN_BOOL_CONVERSION = YES;
				CLANG_WARN_COMMA = YES;
				CLANG_WARN_CONSTANT_CONVERSION = YES;
				CLANG_WARN_DEPRECATED_OBJC_IMPLEMENTATIONS = YES;
				CLANG_WARN_DIRECT_OBJC_ISA_USAGE = YES_ERROR;
				CLANG_WARN_DOCUMENTATION_COMMENTS = YES;
				CLANG_WARN_EMPTY_BODY = YES;
				CLANG_WARN_ENUM_CONVERSION = YES;
				CLANG_WARN_INFINITE_RECURSION = YES;
				CLANG_WARN_INT_CONVERSION = YES;
				CLANG_WARN_NON_LITERAL_NULL_CONVERSION = YES;
				CLANG_WARN_OBJC_IMPLICIT_RETAIN_SELF = YES;
				CLANG_WARN_OBJC_LITERAL_CONVERSION = YES;
				CLANG_WARN_OBJC_ROOT_CLASS = YES_ERROR;
				CLANG_WARN_QUOTED_INCLUDE_IN_FRAMEWORK_HEADER = YES;
				CLANG_WARN_RANGE_LOOP_ANALYSIS = YES;
				CLANG_WARN_STRICT_PROTOTYPES = YES;
				CLANG_WARN_SUSPICIOUS_MOVE = YES;
				CLANG_WARN_UNGUARDED_AVAILABILITY = YES_AGGRESSIVE;
				CLANG_WARN_UNREACHABLE_CODE = YES;
				CLANG_WARN__DUPLICATE_METHOD_MATCH = YES;
				COPY_PHASE_STRIP = NO;
				DEBUG_INFORMATION_FORMAT = dwarf;
				ENABLE_STRICT_OBJC_MSGSEND = YES;
				ENABLE_TESTABILITY = YES;
				GCC_C_LANGUAGE_STANDARD = gnu11;
				GCC_DYNAMIC_NO_PIC = NO;
				GCC_NO_COMMON_BLOCKS = YES;
				GCC_OPTIMIZATION_LEVEL = 0;
				GCC_PREPROCESSOR_DEFINITIONS = (
					"DEBUG=1",
					"$(inherited)",
				);
				GCC_WARN_64_TO_32_BIT_CONVERSION = YES;
				GCC_WARN_ABOUT_RETURN_TYPE = YES_ERROR;
				GCC_WARN_UNDECLARED_SELECTOR = YES;
				GCC_WARN_UNINITIALIZED_AUTOS = YES_AGGRESSIVE;
				GCC_WARN_UNUSED_FUNCTION = YES;
				GCC_WARN_UNUSED_VARIABLE = YES;
				IPHONEOS_DEPLOYMENT_TARGET = 16.2;
				MTL_ENABLE_DEBUG_INFO = INCLUDE_SOURCE;
				MTL_FAST_MATH = YES;
				ONLY_ACTIVE_ARCH = YES;
				SDKROOT = iphoneos;
				SWIFT_ACTIVE_COMPILATION_CONDITIONS = DEBUG;
				SWIFT_OPTIMIZATION_LEVEL = "-Onone";
			};
			name = Debug;
		};
		0819BD2729DB251900BB8987 /* Release */ = {
			isa = XCBuildConfiguration;
			buildSettings = {
				ALWAYS_SEARCH_USER_PATHS = NO;
				CLANG_ANALYZER_NONNULL = YES;
				CLANG_ANALYZER_NUMBER_OBJECT_CONVERSION = YES_AGGRESSIVE;
				CLANG_CXX_LANGUAGE_STANDARD = "gnu++20";
				CLANG_ENABLE_MODULES = YES;
				CLANG_ENABLE_OBJC_ARC = YES;
				CLANG_ENABLE_OBJC_WEAK = YES;
				CLANG_WARN_BLOCK_CAPTURE_AUTORELEASING = YES;
				CLANG_WARN_BOOL_CONVERSION = YES;
				CLANG_WARN_COMMA = YES;
				CLANG_WARN_CONSTANT_CONVERSION = YES;
				CLANG_WARN_DEPRECATED_OBJC_IMPLEMENTATIONS = YES;
				CLANG_WARN_DIRECT_OBJC_ISA_USAGE = YES_ERROR;
				CLANG_WARN_DOCUMENTATION_COMMENTS = YES;
				CLANG_WARN_EMPTY_BODY = YES;
				CLANG_WARN_ENUM_CONVERSION = YES;
				CLANG_WARN_INFINITE_RECURSION = YES;
				CLANG_WARN_INT_CONVERSION = YES;
				CLANG_WARN_NON_LITERAL_NULL_CONVERSION = YES;
				CLANG_WARN_OBJC_IMPLICIT_RETAIN_SELF = YES;
				CLANG_WARN_OBJC_LITERAL_CONVERSION = YES;
				CLANG_WARN_OBJC_ROOT_CLASS = YES_ERROR;
				CLANG_WARN_QUOTED_INCLUDE_IN_FRAMEWORK_HEADER = YES;
				CLANG_WARN_RANGE_LOOP_ANALYSIS = YES;
				CLANG_WARN_STRICT_PROTOTYPES = YES;
				CLANG_WARN_SUSPICIOUS_MOVE = YES;
				CLANG_WARN_UNGUARDED_AVAILABILITY = YES_AGGRESSIVE;
				CLANG_WARN_UNREACHABLE_CODE = YES;
				CLANG_WARN__DUPLICATE_METHOD_MATCH = YES;
				COPY_PHASE_STRIP = NO;
				DEBUG_INFORMATION_FORMAT = "dwarf-with-dsym";
				ENABLE_NS_ASSERTIONS = NO;
				ENABLE_STRICT_OBJC_MSGSEND = YES;
				GCC_C_LANGUAGE_STANDARD = gnu11;
				GCC_NO_COMMON_BLOCKS = YES;
				GCC_WARN_64_TO_32_BIT_CONVERSION = YES;
				GCC_WARN_ABOUT_RETURN_TYPE = YES_ERROR;
				GCC_WARN_UNDECLARED_SELECTOR = YES;
				GCC_WARN_UNINITIALIZED_AUTOS = YES_AGGRESSIVE;
				GCC_WARN_UNUSED_FUNCTION = YES;
				GCC_WARN_UNUSED_VARIABLE = YES;
				IPHONEOS_DEPLOYMENT_TARGET = 16.2;
				MTL_ENABLE_DEBUG_INFO = NO;
				MTL_FAST_MATH = YES;
				SDKROOT = iphoneos;
				SWIFT_COMPILATION_MODE = wholemodule;
				SWIFT_OPTIMIZATION_LEVEL = "-O";
				VALIDATE_PRODUCT = YES;
			};
			name = Release;
		};
		0819BD2929DB251900BB8987 /* Debug */ = {
			isa = XCBuildConfiguration;
			baseConfigurationReference = 194B2E698ACAD87E1D28281D /* Pods-Messenger.debug.xcconfig */;
			buildSettings = {
				ASSETCATALOG_COMPILER_APPICON_NAME = AppIcon;
				ASSETCATALOG_COMPILER_GLOBAL_ACCENT_COLOR_NAME = AccentColor;
				CODE_SIGN_STYLE = Automatic;
				CURRENT_PROJECT_VERSION = 1;
				DEVELOPMENT_TEAM = 794WKWM2LJ;
				GENERATE_INFOPLIST_FILE = YES;
				INFOPLIST_FILE = Messenger/Info.plist;
				INFOPLIST_KEY_NSCameraUsageDescription = "Please allow access to take a profile picture";
				INFOPLIST_KEY_NSPhotoLibraryAddUsageDescription = "Please allow access to select a photo for your profile.";
				INFOPLIST_KEY_UIApplicationSupportsIndirectInputEvents = YES;
				INFOPLIST_KEY_UILaunchStoryboardName = LaunchScreen;
				INFOPLIST_KEY_UIMainStoryboardFile = Main;
				INFOPLIST_KEY_UISupportedInterfaceOrientations = UIInterfaceOrientationPortrait;
				LD_RUNPATH_SEARCH_PATHS = (
					"$(inherited)",
					"@executable_path/Frameworks",
				);
				MARKETING_VERSION = 1.0;
				PRODUCT_BUNDLE_IDENTIFIER = com.agahberkinguler.Messenger;
				PRODUCT_NAME = "$(TARGET_NAME)";
				SWIFT_EMIT_LOC_STRINGS = YES;
				SWIFT_VERSION = 5.0;
				TARGETED_DEVICE_FAMILY = "1,2";
			};
			name = Debug;
		};
		0819BD2A29DB251900BB8987 /* Release */ = {
			isa = XCBuildConfiguration;
			baseConfigurationReference = 73C53E48A73E7CA0D3CF2831 /* Pods-Messenger.release.xcconfig */;
			buildSettings = {
				ASSETCATALOG_COMPILER_APPICON_NAME = AppIcon;
				ASSETCATALOG_COMPILER_GLOBAL_ACCENT_COLOR_NAME = AccentColor;
				CODE_SIGN_STYLE = Automatic;
				CURRENT_PROJECT_VERSION = 1;
				DEVELOPMENT_TEAM = 794WKWM2LJ;
				GENERATE_INFOPLIST_FILE = YES;
				INFOPLIST_FILE = Messenger/Info.plist;
				INFOPLIST_KEY_NSCameraUsageDescription = "Please allow access to take a profile picture";
				INFOPLIST_KEY_NSPhotoLibraryAddUsageDescription = "Please allow access to select a photo for your profile.";
				INFOPLIST_KEY_UIApplicationSupportsIndirectInputEvents = YES;
				INFOPLIST_KEY_UILaunchStoryboardName = LaunchScreen;
				INFOPLIST_KEY_UIMainStoryboardFile = Main;
				INFOPLIST_KEY_UISupportedInterfaceOrientations = UIInterfaceOrientationPortrait;
				LD_RUNPATH_SEARCH_PATHS = (
					"$(inherited)",
					"@executable_path/Frameworks",
				);
				MARKETING_VERSION = 1.0;
				PRODUCT_BUNDLE_IDENTIFIER = com.agahberkinguler.Messenger;
				PRODUCT_NAME = "$(TARGET_NAME)";
				SWIFT_EMIT_LOC_STRINGS = YES;
				SWIFT_VERSION = 5.0;
				TARGETED_DEVICE_FAMILY = "1,2";
			};
			name = Release;
		};
/* End XCBuildConfiguration section */

/* Begin XCConfigurationList section */
		0819BD0F29DB251800BB8987 /* Build configuration list for PBXProject "Messenger" */ = {
			isa = XCConfigurationList;
			buildConfigurations = (
				0819BD2629DB251900BB8987 /* Debug */,
				0819BD2729DB251900BB8987 /* Release */,
			);
			defaultConfigurationIsVisible = 0;
			defaultConfigurationName = Release;
		};
		0819BD2829DB251900BB8987 /* Build configuration list for PBXNativeTarget "Messenger" */ = {
			isa = XCConfigurationList;
			buildConfigurations = (
				0819BD2929DB251900BB8987 /* Debug */,
				0819BD2A29DB251900BB8987 /* Release */,
			);
			defaultConfigurationIsVisible = 0;
			defaultConfigurationName = Release;
		};
/* End XCConfigurationList section */
	};
	rootObject = 0819BD0C29DB251800BB8987 /* Project object */;
}
